// !$*UTF8*$!
{
	archiveVersion = 1;
	classes = {
	};
	objectVersion = 56;
	objects = {

/* Begin PBXBuildFile section */
		9BFE52642A43DE5800B2C827 /* NovedadesIOS15PARTE2App.swift in Sources */ = {isa = PBXBuildFile; fileRef = 9BFE52632A43DE5800B2C827 /* NovedadesIOS15PARTE2App.swift */; };
		9BFE52662A43DE5800B2C827 /* ContentView.swift in Sources */ = {isa = PBXBuildFile; fileRef = 9BFE52652A43DE5800B2C827 /* ContentView.swift */; };
		9BFE52682A43DE5B00B2C827 /* Assets.xcassets in Resources */ = {isa = PBXBuildFile; fileRef = 9BFE52672A43DE5B00B2C827 /* Assets.xcassets */; };
		9BFE526B2A43DE5B00B2C827 /* Preview Assets.xcassets in Resources */ = {isa = PBXBuildFile; fileRef = 9BFE526A2A43DE5B00B2C827 /* Preview Assets.xcassets */; };
		9BFE526D2A43DE5B00B2C827 /* Persistence.swift in Sources */ = {isa = PBXBuildFile; fileRef = 9BFE526C2A43DE5B00B2C827 /* Persistence.swift */; };
		9BFE52702A43DE5B00B2C827 /* NovedadesIOS15PARTE2.xcdatamodeld in Sources */ = {isa = PBXBuildFile; fileRef = 9BFE526E2A43DE5B00B2C827 /* NovedadesIOS15PARTE2.xcdatamodeld */; };
		9BFE52772A43E2B000B2C827 /* Mapa.swift in Sources */ = {isa = PBXBuildFile; fileRef = 9BFE52762A43E2B000B2C827 /* Mapa.swift */; };
		9BFE52792A43EDBA00B2C827 /* Reloj.swift in Sources */ = {isa = PBXBuildFile; fileRef = 9BFE52782A43EDBA00B2C827 /* Reloj.swift */; };
/* End PBXBuildFile section */

/* Begin PBXFileReference section */
		9BFE52602A43DE5800B2C827 /* NovedadesIOS15PARTE2.app */ = {isa = PBXFileReference; explicitFileType = wrapper.application; includeInIndex = 0; path = NovedadesIOS15PARTE2.app; sourceTree = BUILT_PRODUCTS_DIR; };
		9BFE52632A43DE5800B2C827 /* NovedadesIOS15PARTE2App.swift */ = {isa = PBXFileReference; lastKnownFileType = sourcecode.swift; path = NovedadesIOS15PARTE2App.swift; sourceTree = "<group>"; };
		9BFE52652A43DE5800B2C827 /* ContentView.swift */ = {isa = PBXFileReference; lastKnownFileType = sourcecode.swift; path = ContentView.swift; sourceTree = "<group>"; };
		9BFE52672A43DE5B00B2C827 /* Assets.xcassets */ = {isa = PBXFileReference; lastKnownFileType = folder.assetcatalog; path = Assets.xcassets; sourceTree = "<group>"; };
		9BFE526A2A43DE5B00B2C827 /* Preview Assets.xcassets */ = {isa = PBXFileReference; lastKnownFileType = folder.assetcatalog; path = "Preview Assets.xcassets"; sourceTree = "<group>"; };
		9BFE526C2A43DE5B00B2C827 /* Persistence.swift */ = {isa = PBXFileReference; lastKnownFileType = sourcecode.swift; path = Persistence.swift; sourceTree = "<group>"; };
		9BFE526F2A43DE5B00B2C827 /* NovedadesIOS15PARTE2.xcdatamodel */ = {isa = PBXFileReference; lastKnownFileType = wrapper.xcdatamodel; path = NovedadesIOS15PARTE2.xcdatamodel; sourceTree = "<group>"; };
		9BFE52762A43E2B000B2C827 /* Mapa.swift */ = {isa = PBXFileReference; lastKnownFileType = sourcecode.swift; path = Mapa.swift; sourceTree = "<group>"; };
		9BFE52782A43EDBA00B2C827 /* Reloj.swift */ = {isa = PBXFileReference; lastKnownFileType = sourcecode.swift; path = Reloj.swift; sourceTree = "<group>"; };
/* End PBXFileReference section */

/* Begin PBXFrameworksBuildPhase section */
		9BFE525D2A43DE5800B2C827 /* Frameworks */ = {
			isa = PBXFrameworksBuildPhase;
			buildActionMask = 2147483647;
			files = (
			);
			runOnlyForDeploymentPostprocessing = 0;
		};
/* End PBXFrameworksBuildPhase section */

/* Begin PBXGroup section */
		9BFE52572A43DE5800B2C827 = {
			isa = PBXGroup;
			children = (
				9BFE52622A43DE5800B2C827 /* NovedadesIOS15PARTE2 */,
				9BFE52612A43DE5800B2C827 /* Products */,
			);
			sourceTree = "<group>";
		};
		9BFE52612A43DE5800B2C827 /* Products */ = {
			isa = PBXGroup;
			children = (
				9BFE52602A43DE5800B2C827 /* NovedadesIOS15PARTE2.app */,
			);
			name = Products;
			sourceTree = "<group>";
		};
		9BFE52622A43DE5800B2C827 /* NovedadesIOS15PARTE2 */ = {
			isa = PBXGroup;
			children = (
				9BFE52632A43DE5800B2C827 /* NovedadesIOS15PARTE2App.swift */,
				9BFE52652A43DE5800B2C827 /* ContentView.swift */,
				9BFE52672A43DE5B00B2C827 /* Assets.xcassets */,
				9BFE526C2A43DE5B00B2C827 /* Persistence.swift */,
				9BFE526E2A43DE5B00B2C827 /* NovedadesIOS15PARTE2.xcdatamodeld */,
				9BFE52692A43DE5B00B2C827 /* Preview Content */,
				9BFE52762A43E2B000B2C827 /* Mapa.swift */,
				9BFE52782A43EDBA00B2C827 /* Reloj.swift */,
			);
			path = NovedadesIOS15PARTE2;
			sourceTree = "<group>";
		};
		9BFE52692A43DE5B00B2C827 /* Preview Content */ = {
			isa = PBXGroup;
			children = (
				9BFE526A2A43DE5B00B2C827 /* Preview Assets.xcassets */,
			);
			path = "Preview Content";
			sourceTree = "<group>";
		};
/* End PBXGroup section */

/* Begin PBXNativeTarget section */
		9BFE525F2A43DE5800B2C827 /* NovedadesIOS15PARTE2 */ = {
			isa = PBXNativeTarget;
			buildConfigurationList = 9BFE52732A43DE5B00B2C827 /* Build configuration list for PBXNativeTarget "NovedadesIOS15PARTE2" */;
			buildPhases = (
				9BFE525C2A43DE5800B2C827 /* Sources */,
				9BFE525D2A43DE5800B2C827 /* Frameworks */,
				9BFE525E2A43DE5800B2C827 /* Resources */,
			);
			buildRules = (
			);
			dependencies = (
			);
			name = NovedadesIOS15PARTE2;
			productName = NovedadesIOS15PARTE2;
			productReference = 9BFE52602A43DE5800B2C827 /* NovedadesIOS15PARTE2.app */;
			productType = "com.apple.product-type.application";
		};
/* End PBXNativeTarget section */

/* Begin PBXProject section */
		9BFE52582A43DE5800B2C827 /* Project object */ = {
			isa = PBXProject;
			attributes = {
				BuildIndependentTargetsInParallel = 1;
				LastSwiftUpdateCheck = 1420;
				LastUpgradeCheck = 1420;
				TargetAttributes = {
					9BFE525F2A43DE5800B2C827 = {
						CreatedOnToolsVersion = 14.2;
					};
				};
			};
			buildConfigurationList = 9BFE525B2A43DE5800B2C827 /* Build configuration list for PBXProject "NovedadesIOS15PARTE2" */;
			compatibilityVersion = "Xcode 14.0";
			developmentRegion = en;
			hasScannedForEncodings = 0;
			knownRegions = (
				en,
				Base,
			);
			mainGroup = 9BFE52572A43DE5800B2C827;
			productRefGroup = 9BFE52612A43DE5800B2C827 /* Products */;
			projectDirPath = "";
			projectRoot = "";
			targets = (
				9BFE525F2A43DE5800B2C827 /* NovedadesIOS15PARTE2 */,
			);
		};
/* End PBXProject section */

/* Begin PBXResourcesBuildPhase section */
		9BFE525E2A43DE5800B2C827 /* Resources */ = {
			isa = PBXResourcesBuildPhase;
			buildActionMask = 2147483647;
			files = (
				9BFE526B2A43DE5B00B2C827 /* Preview Assets.xcassets in Resources */,
				9BFE52682A43DE5B00B2C827 /* Assets.xcassets in Resources */,
			);
			runOnlyForDeploymentPostprocessing = 0;
		};
/* End PBXResourcesBuildPhase section */

/* Begin PBXSourcesBuildPhase section */
		9BFE525C2A43DE5800B2C827 /* Sources */ = {
			isa = PBXSourcesBuildPhase;
			buildActionMask = 2147483647;
			files = (
				9BFE526D2A43DE5B00B2C827 /* Persistence.swift in Sources */,
				9BFE52662A43DE5800B2C827 /* ContentView.swift in Sources */,
				9BFE52792A43EDBA00B2C827 /* Reloj.swift in Sources */,
				9BFE52642A43DE5800B2C827 /* NovedadesIOS15PARTE2App.swift in Sources */,
				9BFE52702A43DE5B00B2C827 /* NovedadesIOS15PARTE2.xcdatamodeld in Sources */,
				9BFE52772A43E2B000B2C827 /* Mapa.swift in Sources */,
			);
			runOnlyForDeploymentPostprocessing = 0;
		};
/* End PBXSourcesBuildPhase section */

/* Begin XCBuildConfiguration section */
		9BFE52712A43DE5B00B2C827 /* Debug */ = {
			isa = XCBuildConfiguration;
			buildSettings = {
				ALWAYS_SEARCH_USER_PATHS = NO;
				CLANG_ANALYZER_NONNULL = YES;
				CLANG_ANALYZER_NUMBER_OBJECT_CONVERSION = YES_AGGRESSIVE;
				CLANG_CXX_LANGUAGE_STANDARD = "gnu++20";
				CLANG_ENABLE_MODULES = YES;
				CLANG_ENABLE_OBJC_ARC = YES;
				CLANG_ENABLE_OBJC_WEAK = YES;
				CLANG_WARN_BLOCK_CAPTURE_AUTORELEASING = YES;
				CLANG_WARN_BOOL_CONVERSION = YES;
				CLANG_WARN_COMMA = YES;
				CLANG_WARN_CONSTANT_CONVERSION = YES;
				CLANG_WARN_DEPRECATED_OBJC_IMPLEMENTATIONS = YES;
				CLANG_WARN_DIRECT_OBJC_ISA_USAGE = YES_ERROR;
				CLANG_WARN_DOCUMENTATION_COMMENTS = YES;
				CLANG_WARN_EMPTY_BODY = YES;
				CLANG_WARN_ENUM_CONVERSION = YES;
				CLANG_WARN_INFINITE_RECURSION = YES;
				CLANG_WARN_INT_CONVERSION = YES;
				CLANG_WARN_NON_LITERAL_NULL_CONVERSION = YES;
				CLANG_WARN_OBJC_IMPLICIT_RETAIN_SELF = YES;
				CLANG_WARN_OBJC_LITERAL_CONVERSION = YES;
				CLANG_WARN_OBJC_ROOT_CLASS = YES_ERROR;
				CLANG_WARN_QUOTED_INCLUDE_IN_FRAMEWORK_HEADER = YES;
				CLANG_WARN_RANGE_LOOP_ANALYSIS = YES;
				CLANG_WARN_STRICT_PROTOTYPES = YES;
				CLANG_WARN_SUSPICIOUS_MOVE = YES;
				CLANG_WARN_UNGUARDED_AVAILABILITY = YES_AGGRESSIVE;
				CLANG_WARN_UNREACHABLE_CODE = YES;
				CLANG_WARN__DUPLICATE_METHOD_MATCH = YES;
				COPY_PHASE_STRIP = NO;
				DEBUG_INFORMATION_FORMAT = dwarf;
				ENABLE_STRICT_OBJC_MSGSEND = YES;
				ENABLE_TESTABILITY = YES;
				GCC_C_LANGUAGE_STANDARD = gnu11;
				GCC_DYNAMIC_NO_PIC = NO;
				GCC_NO_COMMON_BLOCKS = YES;
				GCC_OPTIMIZATION_LEVEL = 0;
				GCC_PREPROCESSOR_DEFINITIONS = (
					"DEBUG=1",
					"$(inherited)",
				);
				GCC_WARN_64_TO_32_BIT_CONVERSION = YES;
				GCC_WARN_ABOUT_RETURN_TYPE = YES_ERROR;
				GCC_WARN_UNDECLARED_SELECTOR = YES;
				GCC_WARN_UNINITIALIZED_AUTOS = YES_AGGRESSIVE;
				GCC_WARN_UNUSED_FUNCTION = YES;
				GCC_WARN_UNUSED_VARIABLE = YES;
				IPHONEOS_DEPLOYMENT_TARGET = 16.2;
				MTL_ENABLE_DEBUG_INFO = INCLUDE_SOURCE;
				MTL_FAST_MATH = YES;
				ONLY_ACTIVE_ARCH = YES;
				SDKROOT = iphoneos;
				SWIFT_ACTIVE_COMPILATION_CONDITIONS = DEBUG;
				SWIFT_OPTIMIZATION_LEVEL = "-Onone";
			};
			name = Debug;
		};
		9BFE52722A43DE5B00B2C827 /* Release */ = {
			isa = XCBuildConfiguration;
			buildSettings = {
				ALWAYS_SEARCH_USER_PATHS = NO;
				CLANG_ANALYZER_NONNULL = YES;
				CLANG_ANALYZER_NUMBER_OBJECT_CONVERSION = YES_AGGRESSIVE;
				CLANG_CXX_LANGUAGE_STANDARD = "gnu++20";
				CLANG_ENABLE_MODULES = YES;
				CLANG_ENABLE_OBJC_ARC = YES;
				CLANG_ENABLE_OBJC_WEAK = YES;
				CLANG_WARN_BLOCK_CAPTURE_AUTORELEASING = YES;
				CLANG_WARN_BOOL_CONVERSION = YES;
				CLANG_WARN_COMMA = YES;
				CLANG_WARN_CONSTANT_CONVERSION = YES;
				CLANG_WARN_DEPRECATED_OBJC_IMPLEMENTATIONS = YES;
				CLANG_WARN_DIRECT_OBJC_ISA_USAGE = YES_ERROR;
				CLANG_WARN_DOCUMENTATION_COMMENTS = YES;
				CLANG_WARN_EMPTY_BODY = YES;
				CLANG_WARN_ENUM_CONVERSION = YES;
				CLANG_WARN_INFINITE_RECURSION = YES;
				CLANG_WARN_INT_CONVERSION = YES;
				CLANG_WARN_NON_LITERAL_NULL_CONVERSION = YES;
				CLANG_WARN_OBJC_IMPLICIT_RETAIN_SELF = YES;
				CLANG_WARN_OBJC_LITERAL_CONVERSION = YES;
				CLANG_WARN_OBJC_ROOT_CLASS = YES_ERROR;
				CLANG_WARN_QUOTED_INCLUDE_IN_FRAMEWORK_HEADER = YES;
				CLANG_WARN_RANGE_LOOP_ANALYSIS = YES;
				CLANG_WARN_STRICT_PROTOTYPES = YES;
				CLANG_WARN_SUSPICIOUS_MOVE = YES;
				CLANG_WARN_UNGUARDED_AVAILABILITY = YES_AGGRESSIVE;
				CLANG_WARN_UNREACHABLE_CODE = YES;
				CLANG_WARN__DUPLICATE_METHOD_MATCH = YES;
				COPY_PHASE_STRIP = NO;
				DEBUG_INFORMATION_FORMAT = "dwarf-with-dsym";
				ENABLE_NS_ASSERTIONS = NO;
				ENABLE_STRICT_OBJC_MSGSEND = YES;
				GCC_C_LANGUAGE_STANDARD = gnu11;
				GCC_NO_COMMON_BLOCKS = YES;
				GCC_WARN_64_TO_32_BIT_CONVERSION = YES;
				GCC_WARN_ABOUT_RETURN_TYPE = YES_ERROR;
				GCC_WARN_UNDECLARED_SELECTOR = YES;
				GCC_WARN_UNINITIALIZED_AUTOS = YES_AGGRESSIVE;
				GCC_WARN_UNUSED_FUNCTION = YES;
				GCC_WARN_UNUSED_VARIABLE = YES;
				IPHONEOS_DEPLOYMENT_TARGET = 16.2;
				MTL_ENABLE_DEBUG_INFO = NO;
				MTL_FAST_MATH = YES;
				SDKROOT = iphoneos;
				SWIFT_COMPILATION_MODE = wholemodule;
				SWIFT_OPTIMIZATION_LEVEL = "-O";
				VALIDATE_PRODUCT = YES;
			};
			name = Release;
		};
		9BFE52742A43DE5B00B2C827 /* Debug */ = {
			isa = XCBuildConfiguration;
			buildSettings = {
				ASSETCATALOG_COMPILER_APPICON_NAME = AppIcon;
				ASSETCATALOG_COMPILER_GLOBAL_ACCENT_COLOR_NAME = AccentColor;
				CODE_SIGN_STYLE = Automatic;
				CURRENT_PROJECT_VERSION = 1;
				DEVELOPMENT_ASSET_PATHS = "\"NovedadesIOS15PARTE2/Preview Content\"";
				DEVELOPMENT_TEAM = BN7VKM9KUJ;
				ENABLE_PREVIEWS = YES;
				GENERATE_INFOPLIST_FILE = YES;
				INFOPLIST_KEY_UIApplicationSceneManifest_Generation = YES;
				INFOPLIST_KEY_UIApplicationSupportsIndirectInputEvents = YES;
				INFOPLIST_KEY_UILaunchScreen_Generation = YES;
				INFOPLIST_KEY_UISupportedInterfaceOrientations_iPad = "UIInterfaceOrientationPortrait UIInterfaceOrientationPortraitUpsideDown UIInterfaceOrientationLandscapeLeft UIInterfaceOrientationLandscapeRight";
				INFOPLIST_KEY_UISupportedInterfaceOrientations_iPhone = "UIInterfaceOrientationPortrait UIInterfaceOrientationLandscapeLeft UIInterfaceOrientationLandscapeRight";
				LD_RUNPATH_SEARCH_PATHS = (
					"$(inherited)",
					"@executable_path/Frameworks",
				);
				MARKETING_VERSION = 1.0;
				PRODUCT_BUNDLE_IDENTIFIER = com.paul.NovedadesIOS15PARTE2;
				PRODUCT_NAME = "$(TARGET_NAME)";
				SWIFT_EMIT_LOC_STRINGS = YES;
				SWIFT_VERSION = 5.0;
				TARGETED_DEVICE_FAMILY = "1,2";
			};
			name = Debug;
		};
		9BFE52752A43DE5B00B2C827 /* Release */ = {
			isa = XCBuildConfiguration;
			buildSettings = {
				ASSETCATALOG_COMPILER_APPICON_NAME = AppIcon;
				ASSETCATALOG_COMPILER_GLOBAL_ACCENT_COLOR_NAME = AccentColor;
				CODE_SIGN_STYLE = Automatic;
				CURRENT_PROJECT_VERSION = 1;
				DEVELOPMENT_ASSET_PATHS = "\"NovedadesIOS15PARTE2/Preview Content\"";
				DEVELOPMENT_TEAM = BN7VKM9KUJ;
				ENABLE_PREVIEWS = YES;
				GENERATE_INFOPLIST_FILE = YES;
				INFOPLIST_KEY_UIApplicationSceneManifest_Generation = YES;
				INFOPLIST_KEY_UIApplicationSupportsIndirectInputEvents = YES;
				INFOPLIST_KEY_UILaunchScreen_Generation = YES;
				INFOPLIST_KEY_UISupportedInterfaceOrientations_iPad = "UIInterfaceOrientationPortrait UIInterfaceOrientationPortraitUpsideDown UIInterfaceOrientationLandscapeLeft UIInterfaceOrientationLandscapeRight";
				INFOPLIST_KEY_UISupportedInterfaceOrientations_iPhone = "UIInterfaceOrientationPortrait UIInterfaceOrientationLandscapeLeft UIInterfaceOrientationLandscapeRight";
				LD_RUNPATH_SEARCH_PATHS = (
					"$(inherited)",
					"@executable_path/Frameworks",
				);
				MARKETING_VERSION = 1.0;
				PRODUCT_BUNDLE_IDENTIFIER = com.paul.NovedadesIOS15PARTE2;
				PRODUCT_NAME = "$(TARGET_NAME)";
				SWIFT_EMIT_LOC_STRINGS = YES;
				SWIFT_VERSION = 5.0;
				TARGETED_DEVICE_FAMILY = "1,2";
			};
			name = Release;
		};
/* End XCBuildConfiguration section */

/* Begin XCConfigurationList section */
		9BFE525B2A43DE5800B2C827 /* Build configuration list for PBXProject "NovedadesIOS15PARTE2" */ = {
			isa = XCConfigurationList;
			buildConfigurations = (
				9BFE52712A43DE5B00B2C827 /* Debug */,
				9BFE52722A43DE5B00B2C827 /* Release */,
			);
			defaultConfigurationIsVisible = 0;
			defaultConfigurationName = Release;
		};
		9BFE52732A43DE5B00B2C827 /* Build configuration list for PBXNativeTarget "NovedadesIOS15PARTE2" */ = {
			isa = XCConfigurationList;
			buildConfigurations = (
				9BFE52742A43DE5B00B2C827 /* Debug */,
				9BFE52752A43DE5B00B2C827 /* Release */,
			);
			defaultConfigurationIsVisible = 0;
			defaultConfigurationName = Release;
		};
/* End XCConfigurationList section */

/* Begin XCVersionGroup section */
		9BFE526E2A43DE5B00B2C827 /* NovedadesIOS15PARTE2.xcdatamodeld */ = {
			isa = XCVersionGroup;
			children = (
				9BFE526F2A43DE5B00B2C827 /* NovedadesIOS15PARTE2.xcdatamodel */,
			);
			currentVersion = 9BFE526F2A43DE5B00B2C827 /* NovedadesIOS15PARTE2.xcdatamodel */;
			path = NovedadesIOS15PARTE2.xcdatamodeld;
			sourceTree = "<group>";
			versionGroupType = wrapper.xcdatamodel;
		};
/* End XCVersionGroup section */
	};
	rootObject = 9BFE52582A43DE5800B2C827 /* Project object */;
}
